{
  "name": "tarojs-template",
  "lockfileVersion": 2,
  "requires": true,
  "packages": {
    "": {
      "dependencies": {
        "tarojs": "^2.0.11"
      }
    },
    "node_modules/tarojs": {
      "version": "2.0.13",
      "resolved": "https://registry.npmjs.org/tarojs/-/tarojs-2.0.13.tgz",
      "integrity": "sha512-AFBA9gHtiXIUYemDZ0+sYeErOdk1E2PdZsJfK8JlyIhacLGCD4RJK+5HijEmisa9Z8u5gJ6NKWJRL3sKsV3UFg=="
    }
  },
  "dependencies": {
    "tarojs": {
      "version": "2.0.13",
      "resolved": "https://registry.npmjs.org/tarojs/-/tarojs-2.0.13.tgz",
      "integrity": "sha512-AFBA9gHtiXIUYemDZ0+sYeErOdk1E2PdZsJfK8JlyIhacLGCD4RJK+5HijEmisa9Z8u5gJ6NKWJRL3sKsV3UFg=="
    }
  }
}
